
Microsoft Visual Studio Solution File, Format Version 12.00
# Visual Studio Version 17
VisualStudioVersion = 17.14.36429.23 d17.14
MinimumVisualStudioVersion = 10.0.40219.1
Project("{FAE04EC0-301F-11D3-BF4B-00C04F79EFBC}") = "DBViewer", "DBViewer\DBViewer.csproj", "{71209A25-CFE5-421A-BC62-B8BCF45324E3}"
EndProject
Global
	GlobalSection(SolutionConfigurationPlatforms) = preSolution
		Debug|Any CPU = Debug|Any CPU
		Release|Any CPU = Release|Any CPU
	EndGlobalSection
	GlobalSection(ProjectConfigurationPlatforms) = postSolution
		{71209A25-CFE5-421A-BC62-B8BCF45324E3}.Debug|Any CPU.ActiveCfg = Debug|Any CPU
		{71209A25-CFE5-421A-BC62-B8BCF45324E3}.Debug|Any CPU.Build.0 = Debug|Any CPU
		{71209A25-CFE5-421A-BC62-B8BCF45324E3}.Release|Any CPU.ActiveCfg = Release|Any CPU
		{71209A25-CFE5-421A-BC62-B8BCF45324E3}.Release|Any CPU.Build.0 = Release|Any CPU
	EndGlobalSection
	GlobalSection(SolutionProperties) = preSolution
		HideSolutionNode = FALSE
	EndGlobalSection
	GlobalSection(ExtensibilityGlobals) = postSolution
		SolutionGuid = {9CA60FAB-C35B-4352-B55F-7CCFA7135D96}
	EndGlobalSection
EndGlobal
